{
  "name": "@hornbeck/react-modals",
  "version": "0.4.6",
  "lockfileVersion": 1,
  "requires": true,
  "dependencies": {
    "@hornbeck/scroll-lock": {
      "version": "1.0.6",
      "resolved": "https://registry.npmjs.org/@hornbeck/scroll-lock/-/scroll-lock-1.0.6.tgz",
      "integrity": "sha512-puALbhegpB9tkdcR90DulegOeZuzf0MkVc890ZqmSO0gKnstHUFR2iQxQITWVon+eXG3LPX3qn8uJ9kCUOrzNg=="
    }
  }
}
