{
  "name": "@hornbeck/react-modals",
  "version": "0.4.3",
  "lockfileVersion": 1,
  "requires": true,
  "dependencies": {
    "@hornbeck/scroll-lock": {
      "version": "1.0.4",
      "resolved": "https://registry.npmjs.org/@hornbeck/scroll-lock/-/scroll-lock-1.0.4.tgz",
      "integrity": "sha512-xeaOceWn4dJXeW3JlRmtIfTD6eDyaC7jiy58FEOnG3jgSsjqBZYW7hZ/M+6ipCefwcJ0lYgR7SKmaFxJjEmY7g=="
    }
  }
}
