{
  "name": "@hornbeck/react-modals",
  "version": "0.5.0",
  "lockfileVersion": 1,
  "requires": true,
  "dependencies": {
    "@hornbeck/scroll-lock": {
      "version": "1.0.7",
      "resolved": "https://registry.npmjs.org/@hornbeck/scroll-lock/-/scroll-lock-1.0.7.tgz",
      "integrity": "sha512-7hngTogEjvmsAGOxGutPsyOgCl+dlN2Ee6N+jWbs3JqDoWq7+H0EdzdmzUOiJoT8wO4osf2UAYab5joM4dbiKA=="
    }
  }
}
